// !$*UTF8*$!
{
	archiveVersion = 1;
	classes = {
	};
	objectVersion = 77;
	objects = {

/* Begin PBXBuildFile section */
		B01BFA722E340D740069733B /* FirebaseAI in Frameworks */ = {isa = PBXBuildFile; productRef = B01BFA712E340D740069733B /* FirebaseAI */; };
		B01BFA742E340D740069733B /* FirebaseAnalytics in Frameworks */ = {isa = PBXBuildFile; productRef = B01BFA732E340D740069733B /* FirebaseAnalytics */; };
		B01BFA762E340D740069733B /* FirebaseAnalyticsCore in Frameworks */ = {isa = PBXBuildFile; productRef = B01BFA752E340D740069733B /* FirebaseAnalyticsCore */; };
		B01BFA782E340D740069733B /* FirebaseAnalyticsIdentitySupport in Frameworks */ = {isa = PBXBuildFile; productRef = B01BFA772E340D740069733B /* FirebaseAnalyticsIdentitySupport */; };
		B01BFA7A2E340D740069733B /* FirebaseAppCheck in Frameworks */ = {isa = PBXBuildFile; productRef = B01BFA792E340D740069733B /* FirebaseAppCheck */; };
		B01BFA7C2E340D740069733B /* FirebaseAppDistribution-Beta in Frameworks */ = {isa = PBXBuildFile; productRef = B01BFA7B2E340D740069733B /* FirebaseAppDistribution-Beta */; };
		B01BFA7E2E340D740069733B /* FirebaseAuth in Frameworks */ = {isa = PBXBuildFile; productRef = B01BFA7D2E340D740069733B /* FirebaseAuth */; };
		B01BFA802E340D740069733B /* FirebaseAuthCombine-Community in Frameworks */ = {isa = PBXBuildFile; productRef = B01BFA7F2E340D740069733B /* FirebaseAuthCombine-Community */; };
		B01BFA822E340D740069733B /* FirebaseCore in Frameworks */ = {isa = PBXBuildFile; productRef = B01BFA812E340D740069733B /* FirebaseCore */; };
		B01BFA842E340D740069733B /* FirebaseCrashlytics in Frameworks */ = {isa = PBXBuildFile; productRef = B01BFA832E340D740069733B /* FirebaseCrashlytics */; };
		B01BFA862E340D740069733B /* FirebaseDatabase in Frameworks */ = {isa = PBXBuildFile; productRef = B01BFA852E340D740069733B /* FirebaseDatabase */; };
		B01BFA882E340D740069733B /* FirebaseFirestore in Frameworks */ = {isa = PBXBuildFile; productRef = B01BFA872E340D740069733B /* FirebaseFirestore */; };
		B01BFA8A2E340D740069733B /* FirebaseFirestoreCombine-Community in Frameworks */ = {isa = PBXBuildFile; productRef = B01BFA892E340D740069733B /* FirebaseFirestoreCombine-Community */; };
		B01BFA8C2E340D740069733B /* FirebaseFunctions in Frameworks */ = {isa = PBXBuildFile; productRef = B01BFA8B2E340D740069733B /* FirebaseFunctions */; };
		B01BFA8E2E340D740069733B /* FirebaseFunctionsCombine-Community in Frameworks */ = {isa = PBXBuildFile; productRef = B01BFA8D2E340D740069733B /* FirebaseFunctionsCombine-Community */; };
		B01BFA902E340D740069733B /* FirebaseInAppMessaging-Beta in Frameworks */ = {isa = PBXBuildFile; productRef = B01BFA8F2E340D740069733B /* FirebaseInAppMessaging-Beta */; };
		B01BFA922E340D740069733B /* FirebaseInstallations in Frameworks */ = {isa = PBXBuildFile; productRef = B01BFA912E340D740069733B /* FirebaseInstallations */; };
		B01BFA942E340D740069733B /* FirebaseMessaging in Frameworks */ = {isa = PBXBuildFile; productRef = B01BFA932E340D740069733B /* FirebaseMessaging */; };
		B01BFA962E340D740069733B /* FirebaseMLModelDownloader in Frameworks */ = {isa = PBXBuildFile; productRef = B01BFA952E340D740069733B /* FirebaseMLModelDownloader */; };
		B01BFA982E340D740069733B /* FirebasePerformance in Frameworks */ = {isa = PBXBuildFile; productRef = B01BFA972E340D740069733B /* FirebasePerformance */; };
		B01BFA9A2E340D740069733B /* FirebaseRemoteConfig in Frameworks */ = {isa = PBXBuildFile; productRef = B01BFA992E340D740069733B /* FirebaseRemoteConfig */; };
		B01BFA9C2E340D750069733B /* FirebaseStorage in Frameworks */ = {isa = PBXBuildFile; productRef = B01BFA9B2E340D750069733B /* FirebaseStorage */; };
		B01BFA9E2E340D750069733B /* FirebaseStorageCombine-Community in Frameworks */ = {isa = PBXBuildFile; productRef = B01BFA9D2E340D750069733B /* FirebaseStorageCombine-Community */; };
		B01BFAA22E340DEA0069733B /* GoogleService-Info.plist in Resources */ = {isa = PBXBuildFile; fileRef = B01BFAA12E340DEA0069733B /* GoogleService-Info.plist */; };
/* End PBXBuildFile section */

/* Begin PBXContainerItemProxy section */
		B01BFA512E31F8880069733B /* PBXContainerItemProxy */ = {
			isa = PBXContainerItemProxy;
			containerPortal = B01BFA382E31F8850069733B /* Project object */;
			proxyType = 1;
			remoteGlobalIDString = B01BFA3F2E31F8850069733B;
			remoteInfo = VisionBoardApp;
		};
		B01BFA5B2E31F8880069733B /* PBXContainerItemProxy */ = {
			isa = PBXContainerItemProxy;
			containerPortal = B01BFA382E31F8850069733B /* Project object */;
			proxyType = 1;
			remoteGlobalIDString = B01BFA3F2E31F8850069733B;
			remoteInfo = VisionBoardApp;
		};
/* End PBXContainerItemProxy section */

/* Begin PBXFileReference section */
		B01BFA402E31F8850069733B /* VisionBoardApp.app */ = {isa = PBXFileReference; explicitFileType = wrapper.application; includeInIndex = 0; path = VisionBoardApp.app; sourceTree = BUILT_PRODUCTS_DIR; };
		B01BFA502E31F8880069733B /* VisionBoardAppTests.xctest */ = {isa = PBXFileReference; explicitFileType = wrapper.cfbundle; includeInIndex = 0; path = VisionBoardAppTests.xctest; sourceTree = BUILT_PRODUCTS_DIR; };
		B01BFA5A2E31F8880069733B /* VisionBoardAppUITests.xctest */ = {isa = PBXFileReference; explicitFileType = wrapper.cfbundle; includeInIndex = 0; path = VisionBoardAppUITests.xctest; sourceTree = BUILT_PRODUCTS_DIR; };
		B01BFAA12E340DEA0069733B /* GoogleService-Info.plist */ = {isa = PBXFileReference; lastKnownFileType = text.plist.xml; path = "GoogleService-Info.plist"; sourceTree = "<group>"; };
/* End PBXFileReference section */

/* Begin PBXFileSystemSynchronizedRootGroup section */
		B01BFA422E31F8850069733B /* VisionBoardApp */ = {
			isa = PBXFileSystemSynchronizedRootGroup;
			path = VisionBoardApp;
			sourceTree = "<group>";
		};
		B01BFA532E31F8880069733B /* VisionBoardAppTests */ = {
			isa = PBXFileSystemSynchronizedRootGroup;
			path = VisionBoardAppTests;
			sourceTree = "<group>";
		};
		B01BFA5D2E31F8880069733B /* VisionBoardAppUITests */ = {
			isa = PBXFileSystemSynchronizedRootGroup;
			path = VisionBoardAppUITests;
			sourceTree = "<group>";
		};
/* End PBXFileSystemSynchronizedRootGroup section */

/* Begin PBXFrameworksBuildPhase section */
		B01BFA3D2E31F8850069733B /* Frameworks */ = {
			isa = PBXFrameworksBuildPhase;
			buildActionMask = 2147483647;
			files = (
				B01BFA942E340D740069733B /* FirebaseMessaging in Frameworks */,
				B01BFA8A2E340D740069733B /* FirebaseFirestoreCombine-Community in Frameworks */,
				B01BFA982E340D740069733B /* FirebasePerformance in Frameworks */,
				B01BFA9E2E340D750069733B /* FirebaseStorageCombine-Community in Frameworks */,
				B01BFA9A2E340D740069733B /* FirebaseRemoteConfig in Frameworks */,
				B01BFA8C2E340D740069733B /* FirebaseFunctions in Frameworks */,
				B01BFA782E340D740069733B /* FirebaseAnalyticsIdentitySupport in Frameworks */,
				B01BFA742E340D740069733B /* FirebaseAnalytics in Frameworks */,
				B01BFA762E340D740069733B /* FirebaseAnalyticsCore in Frameworks */,
				B01BFA7A2E340D740069733B /* FirebaseAppCheck in Frameworks */,
				B01BFA722E340D740069733B /* FirebaseAI in Frameworks */,
				B01BFA882E340D740069733B /* FirebaseFirestore in Frameworks */,
				B01BFA922E340D740069733B /* FirebaseInstallations in Frameworks */,
				B01BFA8E2E340D740069733B /* FirebaseFunctionsCombine-Community in Frameworks */,
				B01BFA7E2E340D740069733B /* FirebaseAuth in Frameworks */,
				B01BFA962E340D740069733B /* FirebaseMLModelDownloader in Frameworks */,
				B01BFA7C2E340D740069733B /* FirebaseAppDistribution-Beta in Frameworks */,
				B01BFA902E340D740069733B /* FirebaseInAppMessaging-Beta in Frameworks */,
				B01BFA842E340D740069733B /* FirebaseCrashlytics in Frameworks */,
				B01BFA862E340D740069733B /* FirebaseDatabase in Frameworks */,
				B01BFA9C2E340D750069733B /* FirebaseStorage in Frameworks */,
				B01BFA822E340D740069733B /* FirebaseCore in Frameworks */,
				B01BFA802E340D740069733B /* FirebaseAuthCombine-Community in Frameworks */,
			);
			runOnlyForDeploymentPostprocessing = 0;
		};
		B01BFA4D2E31F8880069733B /* Frameworks */ = {
			isa = PBXFrameworksBuildPhase;
			buildActionMask = 2147483647;
			files = (
			);
			runOnlyForDeploymentPostprocessing = 0;
		};
		B01BFA572E31F8880069733B /* Frameworks */ = {
			isa = PBXFrameworksBuildPhase;
			buildActionMask = 2147483647;
			files = (
			);
			runOnlyForDeploymentPostprocessing = 0;
		};
/* End PBXFrameworksBuildPhase section */

/* Begin PBXGroup section */
		B01BFA372E31F8850069733B = {
			isa = PBXGroup;
			children = (
				B01BFAA12E340DEA0069733B /* GoogleService-Info.plist */,
				B01BFA422E31F8850069733B /* VisionBoardApp */,
				B01BFA532E31F8880069733B /* VisionBoardAppTests */,
				B01BFA5D2E31F8880069733B /* VisionBoardAppUITests */,
				B01BFA702E340D740069733B /* Frameworks */,
				B01BFA412E31F8850069733B /* Products */,
			);
			sourceTree = "<group>";
		};
		B01BFA412E31F8850069733B /* Products */ = {
			isa = PBXGroup;
			children = (
				B01BFA402E31F8850069733B /* VisionBoardApp.app */,
				B01BFA502E31F8880069733B /* VisionBoardAppTests.xctest */,
				B01BFA5A2E31F8880069733B /* VisionBoardAppUITests.xctest */,
			);
			name = Products;
			sourceTree = "<group>";
		};
		B01BFA702E340D740069733B /* Frameworks */ = {
			isa = PBXGroup;
			children = (
			);
			name = Frameworks;
			sourceTree = "<group>";
		};
/* End PBXGroup section */

/* Begin PBXNativeTarget section */
		B01BFA3F2E31F8850069733B /* VisionBoardApp */ = {
			isa = PBXNativeTarget;
			buildConfigurationList = B01BFA642E31F8880069733B /* Build configuration list for PBXNativeTarget "VisionBoardApp" */;
			buildPhases = (
				B01BFA3C2E31F8850069733B /* Sources */,
				B01BFA3D2E31F8850069733B /* Frameworks */,
				B01BFA3E2E31F8850069733B /* Resources */,
			);
			buildRules = (
			);
			dependencies = (
			);
			fileSystemSynchronizedGroups = (
				B01BFA422E31F8850069733B /* VisionBoardApp */,
			);
			name = VisionBoardApp;
			packageProductDependencies = (
				B01BFA712E340D740069733B /* FirebaseAI */,
				B01BFA732E340D740069733B /* FirebaseAnalytics */,
				B01BFA752E340D740069733B /* FirebaseAnalyticsCore */,
				B01BFA772E340D740069733B /* FirebaseAnalyticsIdentitySupport */,
				B01BFA792E340D740069733B /* FirebaseAppCheck */,
				B01BFA7B2E340D740069733B /* FirebaseAppDistribution-Beta */,
				B01BFA7D2E340D740069733B /* FirebaseAuth */,
				B01BFA7F2E340D740069733B /* FirebaseAuthCombine-Community */,
				B01BFA812E340D740069733B /* FirebaseCore */,
				B01BFA832E340D740069733B /* FirebaseCrashlytics */,
				B01BFA852E340D740069733B /* FirebaseDatabase */,
				B01BFA872E340D740069733B /* FirebaseFirestore */,
				B01BFA892E340D740069733B /* FirebaseFirestoreCombine-Community */,
				B01BFA8B2E340D740069733B /* FirebaseFunctions */,
				B01BFA8D2E340D740069733B /* FirebaseFunctionsCombine-Community */,
				B01BFA8F2E340D740069733B /* FirebaseInAppMessaging-Beta */,
				B01BFA912E340D740069733B /* FirebaseInstallations */,
				B01BFA932E340D740069733B /* FirebaseMessaging */,
				B01BFA952E340D740069733B /* FirebaseMLModelDownloader */,
				B01BFA972E340D740069733B /* FirebasePerformance */,
				B01BFA992E340D740069733B /* FirebaseRemoteConfig */,
				B01BFA9B2E340D750069733B /* FirebaseStorage */,
				B01BFA9D2E340D750069733B /* FirebaseStorageCombine-Community */,
			);
			productName = VisionBoardApp;
			productReference = B01BFA402E31F8850069733B /* VisionBoardApp.app */;
			productType = "com.apple.product-type.application";
		};
		B01BFA4F2E31F8880069733B /* VisionBoardAppTests */ = {
			isa = PBXNativeTarget;
			buildConfigurationList = B01BFA672E31F8880069733B /* Build configuration list for PBXNativeTarget "VisionBoardAppTests" */;
			buildPhases = (
				B01BFA4C2E31F8880069733B /* Sources */,
				B01BFA4D2E31F8880069733B /* Frameworks */,
				B01BFA4E2E31F8880069733B /* Resources */,
			);
			buildRules = (
			);
			dependencies = (
				B01BFA522E31F8880069733B /* PBXTargetDependency */,
			);
			fileSystemSynchronizedGroups = (
				B01BFA532E31F8880069733B /* VisionBoardAppTests */,
			);
			name = VisionBoardAppTests;
			packageProductDependencies = (
			);
			productName = VisionBoardAppTests;
			productReference = B01BFA502E31F8880069733B /* VisionBoardAppTests.xctest */;
			productType = "com.apple.product-type.bundle.unit-test";
		};
		B01BFA592E31F8880069733B /* VisionBoardAppUITests */ = {
			isa = PBXNativeTarget;
			buildConfigurationList = B01BFA6A2E31F8880069733B /* Build configuration list for PBXNativeTarget "VisionBoardAppUITests" */;
			buildPhases = (
				B01BFA562E31F8880069733B /* Sources */,
				B01BFA572E31F8880069733B /* Frameworks */,
				B01BFA582E31F8880069733B /* Resources */,
			);
			buildRules = (
			);
			dependencies = (
				B01BFA5C2E31F8880069733B /* PBXTargetDependency */,
			);
			fileSystemSynchronizedGroups = (
				B01BFA5D2E31F8880069733B /* VisionBoardAppUITests */,
			);
			name = VisionBoardAppUITests;
			packageProductDependencies = (
			);
			productName = VisionBoardAppUITests;
			productReference = B01BFA5A2E31F8880069733B /* VisionBoardAppUITests.xctest */;
			productType = "com.apple.product-type.bundle.ui-testing";
		};
/* End PBXNativeTarget section */

/* Begin PBXProject section */
		B01BFA382E31F8850069733B /* Project object */ = {
			isa = PBXProject;
			attributes = {
				BuildIndependentTargetsInParallel = 1;
				LastSwiftUpdateCheck = 1620;
				LastUpgradeCheck = 1620;
				TargetAttributes = {
					B01BFA3F2E31F8850069733B = {
						CreatedOnToolsVersion = 16.2;
					};
					B01BFA4F2E31F8880069733B = {
						CreatedOnToolsVersion = 16.2;
						TestTargetID = B01BFA3F2E31F8850069733B;
					};
					B01BFA592E31F8880069733B = {
						CreatedOnToolsVersion = 16.2;
						TestTargetID = B01BFA3F2E31F8850069733B;
					};
				};
			};
			buildConfigurationList = B01BFA3B2E31F8850069733B /* Build configuration list for PBXProject "VisionBoardApp" */;
			developmentRegion = en;
			hasScannedForEncodings = 0;
			knownRegions = (
				en,
				Base,
			);
			mainGroup = B01BFA372E31F8850069733B;
			minimizedProjectReferenceProxies = 1;
			packageReferences = (
				B01BFA6D2E3200D90069733B /* XCRemoteSwiftPackageReference "firebase-ios-sdk" */,
			);
			preferredProjectObjectVersion = 77;
			productRefGroup = B01BFA412E31F8850069733B /* Products */;
			projectDirPath = "";
			projectRoot = "";
			targets = (
				B01BFA3F2E31F8850069733B /* VisionBoardApp */,
				B01BFA4F2E31F8880069733B /* VisionBoardAppTests */,
				B01BFA592E31F8880069733B /* VisionBoardAppUITests */,
			);
		};
/* End PBXProject section */

/* Begin PBXResourcesBuildPhase section */
		B01BFA3E2E31F8850069733B /* Resources */ = {
			isa = PBXResourcesBuildPhase;
			buildActionMask = 2147483647;
			files = (
				B01BFAA22E340DEA0069733B /* GoogleService-Info.plist in Resources */,
			);
			runOnlyForDeploymentPostprocessing = 0;
		};
		B01BFA4E2E31F8880069733B /* Resources */ = {
			isa = PBXResourcesBuildPhase;
			buildActionMask = 2147483647;
			files = (
			);
			runOnlyForDeploymentPostprocessing = 0;
		};
		B01BFA582E31F8880069733B /* Resources */ = {
			isa = PBXResourcesBuildPhase;
			buildActionMask = 2147483647;
			files = (
			);
			runOnlyForDeploymentPostprocessing = 0;
		};
/* End PBXResourcesBuildPhase section */

/* Begin PBXSourcesBuildPhase section */
		B01BFA3C2E31F8850069733B /* Sources */ = {
			isa = PBXSourcesBuildPhase;
			buildActionMask = 2147483647;
			files = (
			);
			runOnlyForDeploymentPostprocessing = 0;
		};
		B01BFA4C2E31F8880069733B /* Sources */ = {
			isa = PBXSourcesBuildPhase;
			buildActionMask = 2147483647;
			files = (
			);
			runOnlyForDeploymentPostprocessing = 0;
		};
		B01BFA562E31F8880069733B /* Sources */ = {
			isa = PBXSourcesBuildPhase;
			buildActionMask = 2147483647;
			files = (
			);
			runOnlyForDeploymentPostprocessing = 0;
		};
/* End PBXSourcesBuildPhase section */

/* Begin PBXTargetDependency section */
		B01BFA522E31F8880069733B /* PBXTargetDependency */ = {
			isa = PBXTargetDependency;
			target = B01BFA3F2E31F8850069733B /* VisionBoardApp */;
			targetProxy = B01BFA512E31F8880069733B /* PBXContainerItemProxy */;
		};
		B01BFA5C2E31F8880069733B /* PBXTargetDependency */ = {
			isa = PBXTargetDependency;
			target = B01BFA3F2E31F8850069733B /* VisionBoardApp */;
			targetProxy = B01BFA5B2E31F8880069733B /* PBXContainerItemProxy */;
		};
/* End PBXTargetDependency section */

/* Begin XCBuildConfiguration section */
		B01BFA622E31F8880069733B /* Debug */ = {
			isa = XCBuildConfiguration;
			buildSettings = {
				ALWAYS_SEARCH_USER_PATHS = NO;
				ASSETCATALOG_COMPILER_GENERATE_SWIFT_ASSET_SYMBOL_EXTENSIONS = YES;
				CLANG_ANALYZER_NONNULL = YES;
				CLANG_ANALYZER_NUMBER_OBJECT_CONVERSION = YES_AGGRESSIVE;
				CLANG_CXX_LANGUAGE_STANDARD = "gnu++20";
				CLANG_ENABLE_MODULES = YES;
				CLANG_ENABLE_OBJC_ARC = YES;
				CLANG_ENABLE_OBJC_WEAK = YES;
				CLANG_WARN_BLOCK_CAPTURE_AUTORELEASING = YES;
				CLANG_WARN_BOOL_CONVERSION = YES;
				CLANG_WARN_COMMA = YES;
				CLANG_WARN_CONSTANT_CONVERSION = YES;
				CLANG_WARN_DEPRECATED_OBJC_IMPLEMENTATIONS = YES;
				CLANG_WARN_DIRECT_OBJC_ISA_USAGE = YES_ERROR;
				CLANG_WARN_DOCUMENTATION_COMMENTS = YES;
				CLANG_WARN_EMPTY_BODY = YES;
				CLANG_WARN_ENUM_CONVERSION = YES;
				CLANG_WARN_INFINITE_RECURSION = YES;
				CLANG_WARN_INT_CONVERSION = YES;
				CLANG_WARN_NON_LITERAL_NULL_CONVERSION = YES;
				CLANG_WARN_OBJC_IMPLICIT_RETAIN_SELF = YES;
				CLANG_WARN_OBJC_LITERAL_CONVERSION = YES;
				CLANG_WARN_OBJC_ROOT_CLASS = YES_ERROR;
				CLANG_WARN_QUOTED_INCLUDE_IN_FRAMEWORK_HEADER = YES;
				CLANG_WARN_RANGE_LOOP_ANALYSIS = YES;
				CLANG_WARN_STRICT_PROTOTYPES = YES;
				CLANG_WARN_SUSPICIOUS_MOVE = YES;
				CLANG_WARN_UNGUARDED_AVAILABILITY = YES_AGGRESSIVE;
				CLANG_WARN_UNREACHABLE_CODE = YES;
				CLANG_WARN__DUPLICATE_METHOD_MATCH = YES;
				COPY_PHASE_STRIP = NO;
				DEBUG_INFORMATION_FORMAT = dwarf;
				ENABLE_STRICT_OBJC_MSGSEND = YES;
				ENABLE_TESTABILITY = YES;
				ENABLE_USER_SCRIPT_SANDBOXING = YES;
				GCC_C_LANGUAGE_STANDARD = gnu17;
				GCC_DYNAMIC_NO_PIC = NO;
				GCC_NO_COMMON_BLOCKS = YES;
				GCC_OPTIMIZATION_LEVEL = 0;
				GCC_PREPROCESSOR_DEFINITIONS = (
					"DEBUG=1",
					"$(inherited)",
				);
				GCC_WARN_64_TO_32_BIT_CONVERSION = YES;
				GCC_WARN_ABOUT_RETURN_TYPE = YES_ERROR;
				GCC_WARN_UNDECLARED_SELECTOR = YES;
				GCC_WARN_UNINITIALIZED_AUTOS = YES_AGGRESSIVE;
				GCC_WARN_UNUSED_FUNCTION = YES;
				GCC_WARN_UNUSED_VARIABLE = YES;
				IPHONEOS_DEPLOYMENT_TARGET = 18.1;
				LOCALIZATION_PREFERS_STRING_CATALOGS = YES;
				MTL_ENABLE_DEBUG_INFO = INCLUDE_SOURCE;
				MTL_FAST_MATH = YES;
				ONLY_ACTIVE_ARCH = YES;
				SDKROOT = iphoneos;
				SWIFT_ACTIVE_COMPILATION_CONDITIONS = "DEBUG $(inherited)";
				SWIFT_OPTIMIZATION_LEVEL = "-Onone";
			};
			name = Debug;
		};
		B01BFA632E31F8880069733B /* Release */ = {
			isa = XCBuildConfiguration;
			buildSettings = {
				ALWAYS_SEARCH_USER_PATHS = NO;
				ASSETCATALOG_COMPILER_GENERATE_SWIFT_ASSET_SYMBOL_EXTENSIONS = YES;
				CLANG_ANALYZER_NONNULL = YES;
				CLANG_ANALYZER_NUMBER_OBJECT_CONVERSION = YES_AGGRESSIVE;
				CLANG_CXX_LANGUAGE_STANDARD = "gnu++20";
				CLANG_ENABLE_MODULES = YES;
				CLANG_ENABLE_OBJC_ARC = YES;
				CLANG_ENABLE_OBJC_WEAK = YES;
				CLANG_WARN_BLOCK_CAPTURE_AUTORELEASING = YES;
				CLANG_WARN_BOOL_CONVERSION = YES;
				CLANG_WARN_COMMA = YES;
				CLANG_WARN_CONSTANT_CONVERSION = YES;
				CLANG_WARN_DEPRECATED_OBJC_IMPLEMENTATIONS = YES;
				CLANG_WARN_DIRECT_OBJC_ISA_USAGE = YES_ERROR;
				CLANG_WARN_DOCUMENTATION_COMMENTS = YES;
				CLANG_WARN_EMPTY_BODY = YES;
				CLANG_WARN_ENUM_CONVERSION = YES;
				CLANG_WARN_INFINITE_RECURSION = YES;
				CLANG_WARN_INT_CONVERSION = YES;
				CLANG_WARN_NON_LITERAL_NULL_CONVERSION = YES;
				CLANG_WARN_OBJC_IMPLICIT_RETAIN_SELF = YES;
				CLANG_WARN_OBJC_LITERAL_CONVERSION = YES;
				CLANG_WARN_OBJC_ROOT_CLASS = YES_ERROR;
				CLANG_WARN_QUOTED_INCLUDE_IN_FRAMEWORK_HEADER = YES;
				CLANG_WARN_RANGE_LOOP_ANALYSIS = YES;
				CLANG_WARN_STRICT_PROTOTYPES = YES;
				CLANG_WARN_SUSPICIOUS_MOVE = YES;
				CLANG_WARN_UNGUARDED_AVAILABILITY = YES_AGGRESSIVE;
				CLANG_WARN_UNREACHABLE_CODE = YES;
				CLANG_WARN__DUPLICATE_METHOD_MATCH = YES;
				COPY_PHASE_STRIP = NO;
				DEBUG_INFORMATION_FORMAT = "dwarf-with-dsym";
				ENABLE_NS_ASSERTIONS = NO;
				ENABLE_STRICT_OBJC_MSGSEND = YES;
				ENABLE_USER_SCRIPT_SANDBOXING = YES;
				GCC_C_LANGUAGE_STANDARD = gnu17;
				GCC_NO_COMMON_BLOCKS = YES;
				GCC_WARN_64_TO_32_BIT_CONVERSION = YES;
				GCC_WARN_ABOUT_RETURN_TYPE = YES_ERROR;
				GCC_WARN_UNDECLARED_SELECTOR = YES;
				GCC_WARN_UNINITIALIZED_AUTOS = YES_AGGRESSIVE;
				GCC_WARN_UNUSED_FUNCTION = YES;
				GCC_WARN_UNUSED_VARIABLE = YES;
				IPHONEOS_DEPLOYMENT_TARGET = 18.1;
				LOCALIZATION_PREFERS_STRING_CATALOGS = YES;
				MTL_ENABLE_DEBUG_INFO = NO;
				MTL_FAST_MATH = YES;
				SDKROOT = iphoneos;
				SWIFT_COMPILATION_MODE = wholemodule;
				VALIDATE_PRODUCT = YES;
			};
			name = Release;
		};
		B01BFA652E31F8880069733B /* Debug */ = {
			isa = XCBuildConfiguration;
			buildSettings = {
				ASSETCATALOG_COMPILER_APPICON_NAME = AppIcon;
				ASSETCATALOG_COMPILER_GLOBAL_ACCENT_COLOR_NAME = AccentColor;
				CODE_SIGN_IDENTITY = "Apple Development";
				CODE_SIGN_STYLE = Automatic;
				CURRENT_PROJECT_VERSION = 1;
				DEVELOPMENT_ASSET_PATHS = "\"VisionBoardApp/Preview Content\"";
				DEVELOPMENT_TEAM = ZYH7D4HXF7;
				ENABLE_PREVIEWS = YES;
				GENERATE_INFOPLIST_FILE = YES;
				INFOPLIST_KEY_UIApplicationSceneManifest_Generation = YES;
				INFOPLIST_KEY_UIApplicationSupportsIndirectInputEvents = YES;
				INFOPLIST_KEY_UILaunchScreen_Generation = YES;
				INFOPLIST_KEY_UISupportedInterfaceOrientations_iPad = "UIInterfaceOrientationPortrait UIInterfaceOrientationPortraitUpsideDown UIInterfaceOrientationLandscapeLeft UIInterfaceOrientationLandscapeRight";
				INFOPLIST_KEY_UISupportedInterfaceOrientations_iPhone = "UIInterfaceOrientationPortrait UIInterfaceOrientationLandscapeLeft UIInterfaceOrientationLandscapeRight";
				IPHONEOS_DEPLOYMENT_TARGET = 18.1;
				LD_RUNPATH_SEARCH_PATHS = (
					"$(inherited)",
					"@executable_path/Frameworks",
				);
				MARKETING_VERSION = 1.0;
				PRODUCT_BUNDLE_IDENTIFIER = SamSelect.VisionBoardApp;
				PRODUCT_NAME = "$(TARGET_NAME)";
				PROVISIONING_PROFILE_SPECIFIER = "";
				SWIFT_EMIT_LOC_STRINGS = YES;
				SWIFT_VERSION = 5.0;
				TARGETED_DEVICE_FAMILY = "1,2";
			};
			name = Debug;
		};
		B01BFA662E31F8880069733B /* Release */ = {
			isa = XCBuildConfiguration;
			buildSettings = {
				ASSETCATALOG_COMPILER_APPICON_NAME = AppIcon;
				ASSETCATALOG_COMPILER_GLOBAL_ACCENT_COLOR_NAME = AccentColor;
				CODE_SIGN_IDENTITY = "Apple Development";
				CODE_SIGN_STYLE = Automatic;
				CURRENT_PROJECT_VERSION = 1;
				DEVELOPMENT_ASSET_PATHS = "\"VisionBoardApp/Preview Content\"";
				DEVELOPMENT_TEAM = ZYH7D4HXF7;
				ENABLE_PREVIEWS = YES;
				GENERATE_INFOPLIST_FILE = YES;
				INFOPLIST_KEY_UIApplicationSceneManifest_Generation = YES;
				INFOPLIST_KEY_UIApplicationSupportsIndirectInputEvents = YES;
				INFOPLIST_KEY_UILaunchScreen_Generation = YES;
				INFOPLIST_KEY_UISupportedInterfaceOrientations_iPad = "UIInterfaceOrientationPortrait UIInterfaceOrientationPortraitUpsideDown UIInterfaceOrientationLandscapeLeft UIInterfaceOrientationLandscapeRight";
				INFOPLIST_KEY_UISupportedInterfaceOrientations_iPhone = "UIInterfaceOrientationPortrait UIInterfaceOrientationLandscapeLeft UIInterfaceOrientationLandscapeRight";
				IPHONEOS_DEPLOYMENT_TARGET = 18.1;
				LD_RUNPATH_SEARCH_PATHS = (
					"$(inherited)",
					"@executable_path/Frameworks",
				);
				MARKETING_VERSION = 1.0;
				PRODUCT_BUNDLE_IDENTIFIER = SamSelect.VisionBoardApp;
				PRODUCT_NAME = "$(TARGET_NAME)";
				PROVISIONING_PROFILE_SPECIFIER = "";
				SWIFT_EMIT_LOC_STRINGS = YES;
				SWIFT_VERSION = 5.0;
				TARGETED_DEVICE_FAMILY = "1,2";
			};
			name = Release;
		};
		B01BFA682E31F8880069733B /* Debug */ = {
			isa = XCBuildConfiguration;
			buildSettings = {
				BUNDLE_LOADER = "$(TEST_HOST)";
				CODE_SIGN_STYLE = Automatic;
				CURRENT_PROJECT_VERSION = 1;
				GENERATE_INFOPLIST_FILE = YES;
				IPHONEOS_DEPLOYMENT_TARGET = 18.1;
				MARKETING_VERSION = 1.0;
				PRODUCT_BUNDLE_IDENTIFIER = SamSelect.VisionBoardAppTests;
				PRODUCT_NAME = "$(TARGET_NAME)";
				SWIFT_EMIT_LOC_STRINGS = NO;
				SWIFT_VERSION = 5.0;
				TARGETED_DEVICE_FAMILY = "1,2";
				TEST_HOST = "$(BUILT_PRODUCTS_DIR)/VisionBoardApp.app/$(BUNDLE_EXECUTABLE_FOLDER_PATH)/VisionBoardApp";
			};
			name = Debug;
		};
		B01BFA692E31F8880069733B /* Release */ = {
			isa = XCBuildConfiguration;
			buildSettings = {
				BUNDLE_LOADER = "$(TEST_HOST)";
				CODE_SIGN_STYLE = Automatic;
				CURRENT_PROJECT_VERSION = 1;
				GENERATE_INFOPLIST_FILE = YES;
				IPHONEOS_DEPLOYMENT_TARGET = 18.1;
				MARKETING_VERSION = 1.0;
				PRODUCT_BUNDLE_IDENTIFIER = SamSelect.VisionBoardAppTests;
				PRODUCT_NAME = "$(TARGET_NAME)";
				SWIFT_EMIT_LOC_STRINGS = NO;
				SWIFT_VERSION = 5.0;
				TARGETED_DEVICE_FAMILY = "1,2";
				TEST_HOST = "$(BUILT_PRODUCTS_DIR)/VisionBoardApp.app/$(BUNDLE_EXECUTABLE_FOLDER_PATH)/VisionBoardApp";
			};
			name = Release;
		};
		B01BFA6B2E31F8880069733B /* Debug */ = {
			isa = XCBuildConfiguration;
			buildSettings = {
				CODE_SIGN_STYLE = Automatic;
				CURRENT_PROJECT_VERSION = 1;
				GENERATE_INFOPLIST_FILE = YES;
				MARKETING_VERSION = 1.0;
				PRODUCT_BUNDLE_IDENTIFIER = SamSelect.VisionBoardAppUITests;
				PRODUCT_NAME = "$(TARGET_NAME)";
				SWIFT_EMIT_LOC_STRINGS = NO;
				SWIFT_VERSION = 5.0;
				TARGETED_DEVICE_FAMILY = "1,2";
				TEST_TARGET_NAME = VisionBoardApp;
			};
			name = Debug;
		};
		B01BFA6C2E31F8880069733B /* Release */ = {
			isa = XCBuildConfiguration;
			buildSettings = {
				CODE_SIGN_STYLE = Automatic;
				CURRENT_PROJECT_VERSION = 1;
				GENERATE_INFOPLIST_FILE = YES;
				MARKETING_VERSION = 1.0;
				PRODUCT_BUNDLE_IDENTIFIER = SamSelect.VisionBoardAppUITests;
				PRODUCT_NAME = "$(TARGET_NAME)";
				SWIFT_EMIT_LOC_STRINGS = NO;
				SWIFT_VERSION = 5.0;
				TARGETED_DEVICE_FAMILY = "1,2";
				TEST_TARGET_NAME = VisionBoardApp;
			};
			name = Release;
		};
/* End XCBuildConfiguration section */

/* Begin XCConfigurationList section */
		B01BFA3B2E31F8850069733B /* Build configuration list for PBXProject "VisionBoardApp" */ = {
			isa = XCConfigurationList;
			buildConfigurations = (
				B01BFA622E31F8880069733B /* Debug */,
				B01BFA632E31F8880069733B /* Release */,
			);
			defaultConfigurationIsVisible = 0;
			defaultConfigurationName = Release;
		};
		B01BFA642E31F8880069733B /* Build configuration list for PBXNativeTarget "VisionBoardApp" */ = {
			isa = XCConfigurationList;
			buildConfigurations = (
				B01BFA652E31F8880069733B /* Debug */,
				B01BFA662E31F8880069733B /* Release */,
			);
			defaultConfigurationIsVisible = 0;
			defaultConfigurationName = Release;
		};
		B01BFA672E31F8880069733B /* Build configuration list for PBXNativeTarget "VisionBoardAppTests" */ = {
			isa = XCConfigurationList;
			buildConfigurations = (
				B01BFA682E31F8880069733B /* Debug */,
				B01BFA692E31F8880069733B /* Release */,
			);
			defaultConfigurationIsVisible = 0;
			defaultConfigurationName = Release;
		};
		B01BFA6A2E31F8880069733B /* Build configuration list for PBXNativeTarget "VisionBoardAppUITests" */ = {
			isa = XCConfigurationList;
			buildConfigurations = (
				B01BFA6B2E31F8880069733B /* Debug */,
				B01BFA6C2E31F8880069733B /* Release */,
			);
			defaultConfigurationIsVisible = 0;
			defaultConfigurationName = Release;
		};
/* End XCConfigurationList section */

/* Begin XCRemoteSwiftPackageReference section */
		B01BFA6D2E3200D90069733B /* XCRemoteSwiftPackageReference "firebase-ios-sdk" */ = {
			isa = XCRemoteSwiftPackageReference;
			repositoryURL = "https://github.com/firebase/firebase-ios-sdk";
			requirement = {
				kind = upToNextMajorVersion;
				minimumVersion = 12.0.0;
			};
		};
/* End XCRemoteSwiftPackageReference section */

/* Begin XCSwiftPackageProductDependency section */
		B01BFA712E340D740069733B /* FirebaseAI */ = {
			isa = XCSwiftPackageProductDependency;
			package = B01BFA6D2E3200D90069733B /* XCRemoteSwiftPackageReference "firebase-ios-sdk" */;
			productName = FirebaseAI;
		};
		B01BFA732E340D740069733B /* FirebaseAnalytics */ = {
			isa = XCSwiftPackageProductDependency;
			package = B01BFA6D2E3200D90069733B /* XCRemoteSwiftPackageReference "firebase-ios-sdk" */;
			productName = FirebaseAnalytics;
		};
		B01BFA752E340D740069733B /* FirebaseAnalyticsCore */ = {
			isa = XCSwiftPackageProductDependency;
			package = B01BFA6D2E3200D90069733B /* XCRemoteSwiftPackageReference "firebase-ios-sdk" */;
			productName = FirebaseAnalyticsCore;
		};
		B01BFA772E340D740069733B /* FirebaseAnalyticsIdentitySupport */ = {
			isa = XCSwiftPackageProductDependency;
			package = B01BFA6D2E3200D90069733B /* XCRemoteSwiftPackageReference "firebase-ios-sdk" */;
			productName = FirebaseAnalyticsIdentitySupport;
		};
		B01BFA792E340D740069733B /* FirebaseAppCheck */ = {
			isa = XCSwiftPackageProductDependency;
			package = B01BFA6D2E3200D90069733B /* XCRemoteSwiftPackageReference "firebase-ios-sdk" */;
			productName = FirebaseAppCheck;
		};
		B01BFA7B2E340D740069733B /* FirebaseAppDistribution-Beta */ = {
			isa = XCSwiftPackageProductDependency;
			package = B01BFA6D2E3200D90069733B /* XCRemoteSwiftPackageReference "firebase-ios-sdk" */;
			productName = "FirebaseAppDistribution-Beta";
		};
		B01BFA7D2E340D740069733B /* FirebaseAuth */ = {
			isa = XCSwiftPackageProductDependency;
			package = B01BFA6D2E3200D90069733B /* XCRemoteSwiftPackageReference "firebase-ios-sdk" */;
			productName = FirebaseAuth;
		};
		B01BFA7F2E340D740069733B /* FirebaseAuthCombine-Community */ = {
			isa = XCSwiftPackageProductDependency;
			package = B01BFA6D2E3200D90069733B /* XCRemoteSwiftPackageReference "firebase-ios-sdk" */;
			productName = "FirebaseAuthCombine-Community";
		};
		B01BFA812E340D740069733B /* FirebaseCore */ = {
			isa = XCSwiftPackageProductDependency;
			package = B01BFA6D2E3200D90069733B /* XCRemoteSwiftPackageReference "firebase-ios-sdk" */;
			productName = FirebaseCore;
		};
		B01BFA832E340D740069733B /* FirebaseCrashlytics */ = {
			isa = XCSwiftPackageProductDependency;
			package = B01BFA6D2E3200D90069733B /* XCRemoteSwiftPackageReference "firebase-ios-sdk" */;
			productName = FirebaseCrashlytics;
		};
		B01BFA852E340D740069733B /* FirebaseDatabase */ = {
			isa = XCSwiftPackageProductDependency;
			package = B01BFA6D2E3200D90069733B /* XCRemoteSwiftPackageReference "firebase-ios-sdk" */;
			productName = FirebaseDatabase;
		};
		B01BFA872E340D740069733B /* FirebaseFirestore */ = {
			isa = XCSwiftPackageProductDependency;
			package = B01BFA6D2E3200D90069733B /* XCRemoteSwiftPackageReference "firebase-ios-sdk" */;
			productName = FirebaseFirestore;
		};
		B01BFA892E340D740069733B /* FirebaseFirestoreCombine-Community */ = {
			isa = XCSwiftPackageProductDependency;
			package = B01BFA6D2E3200D90069733B /* XCRemoteSwiftPackageReference "firebase-ios-sdk" */;
			productName = "FirebaseFirestoreCombine-Community";
		};
		B01BFA8B2E340D740069733B /* FirebaseFunctions */ = {
			isa = XCSwiftPackageProductDependency;
			package = B01BFA6D2E3200D90069733B /* XCRemoteSwiftPackageReference "firebase-ios-sdk" */;
			productName = FirebaseFunctions;
		};
		B01BFA8D2E340D740069733B /* FirebaseFunctionsCombine-Community */ = {
			isa = XCSwiftPackageProductDependency;
			package = B01BFA6D2E3200D90069733B /* XCRemoteSwiftPackageReference "firebase-ios-sdk" */;
			productName = "FirebaseFunctionsCombine-Community";
		};
		B01BFA8F2E340D740069733B /* FirebaseInAppMessaging-Beta */ = {
			isa = XCSwiftPackageProductDependency;
			package = B01BFA6D2E3200D90069733B /* XCRemoteSwiftPackageReference "firebase-ios-sdk" */;
			productName = "FirebaseInAppMessaging-Beta";
		};
		B01BFA912E340D740069733B /* FirebaseInstallations */ = {
			isa = XCSwiftPackageProductDependency;
			package = B01BFA6D2E3200D90069733B /* XCRemoteSwiftPackageReference "firebase-ios-sdk" */;
			productName = FirebaseInstallations;
		};
		B01BFA932E340D740069733B /* FirebaseMessaging */ = {
			isa = XCSwiftPackageProductDependency;
			package = B01BFA6D2E3200D90069733B /* XCRemoteSwiftPackageReference "firebase-ios-sdk" */;
			productName = FirebaseMessaging;
		};
		B01BFA952E340D740069733B /* FirebaseMLModelDownloader */ = {
			isa = XCSwiftPackageProductDependency;
			package = B01BFA6D2E3200D90069733B /* XCRemoteSwiftPackageReference "firebase-ios-sdk" */;
			productName = FirebaseMLModelDownloader;
		};
		B01BFA972E340D740069733B /* FirebasePerformance */ = {
			isa = XCSwiftPackageProductDependency;
			package = B01BFA6D2E3200D90069733B /* XCRemoteSwiftPackageReference "firebase-ios-sdk" */;
			productName = FirebasePerformance;
		};
		B01BFA992E340D740069733B /* FirebaseRemoteConfig */ = {
			isa = XCSwiftPackageProductDependency;
			package = B01BFA6D2E3200D90069733B /* XCRemoteSwiftPackageReference "firebase-ios-sdk" */;
			productName = FirebaseRemoteConfig;
		};
		B01BFA9B2E340D750069733B /* FirebaseStorage */ = {
			isa = XCSwiftPackageProductDependency;
			package = B01BFA6D2E3200D90069733B /* XCRemoteSwiftPackageReference "firebase-ios-sdk" */;
			productName = FirebaseStorage;
		};
		B01BFA9D2E340D750069733B /* FirebaseStorageCombine-Community */ = {
			isa = XCSwiftPackageProductDependency;
			package = B01BFA6D2E3200D90069733B /* XCRemoteSwiftPackageReference "firebase-ios-sdk" */;
			productName = "FirebaseStorageCombine-Community";
		};
/* End XCSwiftPackageProductDependency section */
	};
	rootObject = B01BFA382E31F8850069733B /* Project object */;
}
